
Microsoft Visual Studio Solution File, Format Version 12.00
# Visual Studio Version 17
VisualStudioVersion = 17.5.33530.505
MinimumVisualStudioVersion = 10.0.40219.1
Project("{FAE04EC0-301F-11D3-BF4B-00C04F79EFBC}") = "Profile Data Card with HTML and CSS", "Profile Data Card with HTML and CSS.csproj", "{843C2746-1B2D-4E2B-A607-6018E53C6F4F}"
EndProject
Global
	GlobalSection(SolutionConfigurationPlatforms) = preSolution
		Debug|Any CPU = Debug|Any CPU
		Release|Any CPU = Release|Any CPU
	EndGlobalSection
	GlobalSection(ProjectConfigurationPlatforms) = postSolution
		{843C2746-1B2D-4E2B-A607-6018E53C6F4F}.Debug|Any CPU.ActiveCfg = Debug|Any CPU
		{843C2746-1B2D-4E2B-A607-6018E53C6F4F}.Debug|Any CPU.Build.0 = Debug|Any CPU
		{843C2746-1B2D-4E2B-A607-6018E53C6F4F}.Release|Any CPU.ActiveCfg = Release|Any CPU
		{843C2746-1B2D-4E2B-A607-6018E53C6F4F}.Release|Any CPU.Build.0 = Release|Any CPU
	EndGlobalSection
	GlobalSection(SolutionProperties) = preSolution
		HideSolutionNode = FALSE
	EndGlobalSection
	GlobalSection(ExtensibilityGlobals) = postSolution
		SolutionGuid = {A9B76D84-34FB-47C6-8E93-B78350622726}
	EndGlobalSection
EndGlobal
